// !$*UTF8*$!
{
	archiveVersion = 1;
	classes = {
	};
	objectVersion = 46;
	objects = {

/* Begin PBXBuildFile section */
		8DEA59EB1C8D6B3400F8A2A2 /* AppDelegate.swift in Sources */ = {isa = PBXBuildFile; fileRef = 8DEA59EA1C8D6B3400F8A2A2 /* AppDelegate.swift */; };
		8DEA59ED1C8D6B3400F8A2A2 /* ViewController.swift in Sources */ = {isa = PBXBuildFile; fileRef = 8DEA59EC1C8D6B3400F8A2A2 /* ViewController.swift */; };
		8DEA59F01C8D6B3400F8A2A2 /* Main.storyboard in Resources */ = {isa = PBXBuildFile; fileRef = 8DEA59EE1C8D6B3400F8A2A2 /* Main.storyboard */; };
		8DEA59F21C8D6B3400F8A2A2 /* Assets.xcassets in Resources */ = {isa = PBXBuildFile; fileRef = 8DEA59F11C8D6B3400F8A2A2 /* Assets.xcassets */; };
		8DEA59F51C8D6B3400F8A2A2 /* LaunchScreen.storyboard in Resources */ = {isa = PBXBuildFile; fileRef = 8DEA59F31C8D6B3400F8A2A2 /* LaunchScreen.storyboard */; };
/* End PBXBuildFile section */

/* Begin PBXFileReference section */
		8DEA59E71C8D6B3400F8A2A2 /* StretchZoomImageView.app */ = {isa = PBXFileReference; explicitFileType = wrapper.application; includeInIndex = 0; path = StretchZoomImageView.app; sourceTree = BUILT_PRODUCTS_DIR; };
		8DEA59EA1C8D6B3400F8A2A2 /* AppDelegate.swift */ = {isa = PBXFileReference; lastKnownFileType = sourcecode.swift; path = AppDelegate.swift; sourceTree = "<group>"; };
		8DEA59EC1C8D6B3400F8A2A2 /* ViewController.swift */ = {isa = PBXFileReference; lastKnownFileType = sourcecode.swift; path = ViewController.swift; sourceTree = "<group>"; };
		8DEA59EF1C8D6B3400F8A2A2 /* Base */ = {isa = PBXFileReference; lastKnownFileType = file.storyboard; name = Base; path = Base.lproj/Main.storyboard; sourceTree = "<group>"; };
		8DEA59F11C8D6B3400F8A2A2 /* Assets.xcassets */ = {isa = PBXFileReference; lastKnownFileType = folder.assetcatalog; path = Assets.xcassets; sourceTree = "<group>"; };
		8DEA59F41C8D6B3400F8A2A2 /* Base */ = {isa = PBXFileReference; lastKnownFileType = file.storyboard; name = Base; path = Base.lproj/LaunchScreen.storyboard; sourceTree = "<group>"; };
		8DEA59F61C8D6B3400F8A2A2 /* Info.plist */ = {isa = PBXFileReference; lastKnownFileType = text.plist.xml; path = Info.plist; sourceTree = "<group>"; };
/* End PBXFileReference section */

/* Begin PBXFrameworksBuildPhase section */
		8DEA59E41C8D6B3400F8A2A2 /* Frameworks */ = {
			isa = PBXFrameworksBuildPhase;
			buildActionMask = 2147483647;
			files = (
			);
			runOnlyForDeploymentPostprocessing = 0;
		};
/* End PBXFrameworksBuildPhase section */

/* Begin PBXGroup section */
		8DEA59DE1C8D6B3400F8A2A2 = {
			isa = PBXGroup;
			children = (
				8DEA59E91C8D6B3400F8A2A2 /* StretchZoomImageView */,
				8DEA59E81C8D6B3400F8A2A2 /* Products */,
			);
			sourceTree = "<group>";
		};
		8DEA59E81C8D6B3400F8A2A2 /* Products */ = {
			isa = PBXGroup;
			children = (
				8DEA59E71C8D6B3400F8A2A2 /* StretchZoomImageView.app */,
			);
			name = Products;
			sourceTree = "<group>";
		};
		8DEA59E91C8D6B3400F8A2A2 /* StretchZoomImageView */ = {
			isa = PBXGroup;
			children = (
				8DEA59EA1C8D6B3400F8A2A2 /* AppDelegate.swift */,
				8DEA59EC1C8D6B3400F8A2A2 /* ViewController.swift */,
				8DEA59EE1C8D6B3400F8A2A2 /* Main.storyboard */,
				8DEA59F11C8D6B3400F8A2A2 /* Assets.xcassets */,
				8DEA59F31C8D6B3400F8A2A2 /* LaunchScreen.storyboard */,
				8DEA59F61C8D6B3400F8A2A2 /* Info.plist */,
			);
			path = StretchZoomImageView;
			sourceTree = "<group>";
		};
/* End PBXGroup section */

/* Begin PBXNativeTarget section */
		8DEA59E61C8D6B3400F8A2A2 /* StretchZoomImageView */ = {
			isa = PBXNativeTarget;
			buildConfigurationList = 8DEA59F91C8D6B3400F8A2A2 /* Build configuration list for PBXNativeTarget "StretchZoomImageView" */;
			buildPhases = (
				8DEA59E31C8D6B3400F8A2A2 /* Sources */,
				8DEA59E41C8D6B3400F8A2A2 /* Frameworks */,
				8DEA59E51C8D6B3400F8A2A2 /* Resources */,
			);
			buildRules = (
			);
			dependencies = (
			);
			name = StretchZoomImageView;
			productName = StretchZoomImageView;
			productReference = 8DEA59E71C8D6B3400F8A2A2 /* StretchZoomImageView.app */;
			productType = "com.apple.product-type.application";
		};
/* End PBXNativeTarget section */

/* Begin PBXProject section */
		8DEA59DF1C8D6B3400F8A2A2 /* Project object */ = {
			isa = PBXProject;
			attributes = {
				LastSwiftUpdateCheck = 0720;
				LastUpgradeCheck = 0720;
				ORGANIZATIONNAME = kongjianjia;
				TargetAttributes = {
					8DEA59E61C8D6B3400F8A2A2 = {
						CreatedOnToolsVersion = 7.2;
					};
				};
			};
			buildConfigurationList = 8DEA59E21C8D6B3400F8A2A2 /* Build configuration list for PBXProject "StretchZoomImageView" */;
			compatibilityVersion = "Xcode 3.2";
			developmentRegion = English;
			hasScannedForEncodings = 0;
			knownRegions = (
				en,
				Base,
			);
			mainGroup = 8DEA59DE1C8D6B3400F8A2A2;
			productRefGroup = 8DEA59E81C8D6B3400F8A2A2 /* Products */;
			projectDirPath = "";
			projectRoot = "";
			targets = (
				8DEA59E61C8D6B3400F8A2A2 /* StretchZoomImageView */,
			);
		};
/* End PBXProject section */

/* Begin PBXResourcesBuildPhase section */
		8DEA59E51C8D6B3400F8A2A2 /* Resources */ = {
			isa = PBXResourcesBuildPhase;
			buildActionMask = 2147483647;
			files = (
				8DEA59F51C8D6B3400F8A2A2 /* LaunchScreen.storyboard in Resources */,
				8DEA59F21C8D6B3400F8A2A2 /* Assets.xcassets in Resources */,
				8DEA59F01C8D6B3400F8A2A2 /* Main.storyboard in Resources */,
			);
			runOnlyForDeploymentPostprocessing = 0;
		};
/* End PBXResourcesBuildPhase section */

/* Begin PBXSourcesBuildPhase section */
		8DEA59E31C8D6B3400F8A2A2 /* Sources */ = {
			isa = PBXSourcesBuildPhase;
			buildActionMask = 2147483647;
			files = (
				8DEA59ED1C8D6B3400F8A2A2 /* ViewController.swift in Sources */,
				8DEA59EB1C8D6B3400F8A2A2 /* AppDelegate.swift in Sources */,
			);
			runOnlyForDeploymentPostprocessing = 0;
		};
/* End PBXSourcesBuildPhase section */

/* Begin PBXVariantGroup section */
		8DEA59EE1C8D6B3400F8A2A2 /* Main.storyboard */ = {
			isa = PBXVariantGroup;
			children = (
				8DEA59EF1C8D6B3400F8A2A2 /* Base */,
			);
			name = Main.storyboard;
			sourceTree = "<group>";
		};
		8DEA59F31C8D6B3400F8A2A2 /* LaunchScreen.storyboard */ = {
			isa = PBXVariantGroup;
			children = (
				8DEA59F41C8D6B3400F8A2A2 /* Base */,
			);
			name = LaunchScreen.storyboard;
			sourceTree = "<group>";
		};
/* End PBXVariantGroup section */

/* Begin XCBuildConfiguration section */
		8DEA59F71C8D6B3400F8A2A2 /* Debug */ = {
			isa = XCBuildConfiguration;
			buildSettings = {
				ALWAYS_SEARCH_USER_PATHS = NO;
				CLANG_CXX_LANGUAGE_STANDARD = "gnu++0x";
				CLANG_CXX_LIBRARY = "libc++";
				CLANG_ENABLE_MODULES = YES;
				CLANG_ENABLE_OBJC_ARC = YES;
				CLANG_WARN_BOOL_CONVERSION = YES;
				CLANG_WARN_CONSTANT_CONVERSION = YES;
				CLANG_WARN_DIRECT_OBJC_ISA_USAGE = YES_ERROR;
				CLANG_WARN_EMPTY_BODY = YES;
				CLANG_WARN_ENUM_CONVERSION = YES;
				CLANG_WARN_INT_CONVERSION = YES;
				CLANG_WARN_OBJC_ROOT_CLASS = YES_ERROR;
				CLANG_WARN_UNREACHABLE_CODE = YES;
				CLANG_WARN__DUPLICATE_METHOD_MATCH = YES;
				"CODE_SIGN_IDENTITY[sdk=iphoneos*]" = "iPhone Developer";
				COPY_PHASE_STRIP = NO;
				DEBUG_INFORMATION_FORMAT = dwarf;
				ENABLE_STRICT_OBJC_MSGSEND = YES;
				ENABLE_TESTABILITY = YES;
				GCC_C_LANGUAGE_STANDARD = gnu99;
				GCC_DYNAMIC_NO_PIC = NO;
				GCC_NO_COMMON_BLOCKS = YES;
				GCC_OPTIMIZATION_LEVEL = 0;
				GCC_PREPROCESSOR_DEFINITIONS = (
					"DEBUG=1",
					"$(inherited)",
				);
				GCC_WARN_64_TO_32_BIT_CONVERSION = YES;
				GCC_WARN_ABOUT_RETURN_TYPE = YES_ERROR;
				GCC_WARN_UNDECLARED_SELECTOR = YES;
				GCC_WARN_UNINITIALIZED_AUTOS = YES_AGGRESSIVE;
				GCC_WARN_UNUSED_FUNCTION = YES;
				GCC_WARN_UNUSED_VARIABLE = YES;
				IPHONEOS_DEPLOYMENT_TARGET = 9.2;
				MTL_ENABLE_DEBUG_INFO = YES;
				ONLY_ACTIVE_ARCH = YES;
				SDKROOT = iphoneos;
				SWIFT_OPTIMIZATION_LEVEL = "-Onone";
			};
			name = Debug;
		};
		8DEA59F81C8D6B3400F8A2A2 /* Release */ = {
			isa = XCBuildConfiguration;
			buildSettings = {
				ALWAYS_SEARCH_USER_PATHS = NO;
				CLANG_CXX_LANGUAGE_STANDARD = "gnu++0x";
				CLANG_CXX_LIBRARY = "libc++";
				CLANG_ENABLE_MODULES = YES;
				CLANG_ENABLE_OBJC_ARC = YES;
				CLANG_WARN_BOOL_CONVERSION = YES;
				CLANG_WARN_CONSTANT_CONVERSION = YES;
				CLANG_WARN_DIRECT_OBJC_ISA_USAGE = YES_ERROR;
				CLANG_WARN_EMPTY_BODY = YES;
				CLANG_WARN_ENUM_CONVERSION = YES;
				CLANG_WARN_INT_CONVERSION = YES;
				CLANG_WARN_OBJC_ROOT_CLASS = YES_ERROR;
				CLANG_WARN_UNREACHABLE_CODE = YES;
				CLANG_WARN__DUPLICATE_METHOD_MATCH = YES;
				"CODE_SIGN_IDENTITY[sdk=iphoneos*]" = "iPhone Developer";
				COPY_PHASE_STRIP = NO;
				DEBUG_INFORMATION_FORMAT = "dwarf-with-dsym";
				ENABLE_NS_ASSERTIONS = NO;
				ENABLE_STRICT_OBJC_MSGSEND = YES;
				GCC_C_LANGUAGE_STANDARD = gnu99;
				GCC_NO_COMMON_BLOCKS = YES;
				GCC_WARN_64_TO_32_BIT_CONVERSION = YES;
				GCC_WARN_ABOUT_RETURN_TYPE = YES_ERROR;
				GCC_WARN_UNDECLARED_SELECTOR = YES;
				GCC_WARN_UNINITIALIZED_AUTOS = YES_AGGRESSIVE;
				GCC_WARN_UNUSED_FUNCTION = YES;
				GCC_WARN_UNUSED_VARIABLE = YES;
				IPHONEOS_DEPLOYMENT_TARGET = 9.2;
				MTL_ENABLE_DEBUG_INFO = NO;
				SDKROOT = iphoneos;
				VALIDATE_PRODUCT = YES;
			};
			name = Release;
		};
		8DEA59FA1C8D6B3400F8A2A2 /* Debug */ = {
			isa = XCBuildConfiguration;
			buildSettings = {
				ASSETCATALOG_COMPILER_APPICON_NAME = AppIcon;
				INFOPLIST_FILE = StretchZoomImageView/Info.plist;
				IPHONEOS_DEPLOYMENT_TARGET = 7.0;
				LD_RUNPATH_SEARCH_PATHS = "$(inherited) @executable_path/Frameworks";
				PRODUCT_BUNDLE_IDENTIFIER = com.kongjianjia.StretchZoomImageView;
				PRODUCT_NAME = "$(TARGET_NAME)";
			};
			name = Debug;
		};
		8DEA59FB1C8D6B3400F8A2A2 /* Release */ = {
			isa = XCBuildConfiguration;
			buildSettings = {
				ASSETCATALOG_COMPILER_APPICON_NAME = AppIcon;
				INFOPLIST_FILE = StretchZoomImageView/Info.plist;
				IPHONEOS_DEPLOYMENT_TARGET = 7.0;
				LD_RUNPATH_SEARCH_PATHS = "$(inherited) @executable_path/Frameworks";
				PRODUCT_BUNDLE_IDENTIFIER = com.kongjianjia.StretchZoomImageView;
				PRODUCT_NAME = "$(TARGET_NAME)";
			};
			name = Release;
		};
/* End XCBuildConfiguration section */

/* Begin XCConfigurationList section */
		8DEA59E21C8D6B3400F8A2A2 /* Build configuration list for PBXProject "StretchZoomImageView" */ = {
			isa = XCConfigurationList;
			buildConfigurations = (
				8DEA59F71C8D6B3400F8A2A2 /* Debug */,
				8DEA59F81C8D6B3400F8A2A2 /* Release */,
			);
			defaultConfigurationIsVisible = 0;
			defaultConfigurationName = Release;
		};
		8DEA59F91C8D6B3400F8A2A2 /* Build configuration list for PBXNativeTarget "StretchZoomImageView" */ = {
			isa = XCConfigurationList;
			buildConfigurations = (
				8DEA59FA1C8D6B3400F8A2A2 /* Debug */,
				8DEA59FB1C8D6B3400F8A2A2 /* Release */,
			);
			defaultConfigurationIsVisible = 0;
		};
/* End XCConfigurationList section */
	};
	rootObject = 8DEA59DF1C8D6B3400F8A2A2 /* Project object */;
}
